// !$*UTF8*$!
{
	archiveVersion = 1;
	classes = {
	};
	objectVersion = 50;
	objects = {

/* Begin PBXBuildFile section */
		091EE92525582BCE0044EEDE /* purpleCellReproduce.atlas in Resources */ = {isa = PBXBuildFile; fileRef = 091EE92025582BCE0044EEDE /* purpleCellReproduce.atlas */; };
		091EE92625582BCE0044EEDE /* greenCellReproduce.atlas in Resources */ = {isa = PBXBuildFile; fileRef = 091EE92125582BCE0044EEDE /* greenCellReproduce.atlas */; };
		091EE92725582BCE0044EEDE /* redCellReproduce.atlas in Resources */ = {isa = PBXBuildFile; fileRef = 091EE92225582BCE0044EEDE /* redCellReproduce.atlas */; };
		091EE92825582BCE0044EEDE /* blueCellReproduce.atlas in Resources */ = {isa = PBXBuildFile; fileRef = 091EE92325582BCE0044EEDE /* blueCellReproduce.atlas */; };
		091EE92925582BCE0044EEDE /* cyanCellReproduce.atlas in Resources */ = {isa = PBXBuildFile; fileRef = 091EE92425582BCE0044EEDE /* cyanCellReproduce.atlas */; };
		091EE930255839D10044EEDE /* Perks.swift in Sources */ = {isa = PBXBuildFile; fileRef = 091EE92F255839D10044EEDE /* Perks.swift */; };
		091EE942255AF3070044EEDE /* Mutation.swift in Sources */ = {isa = PBXBuildFile; fileRef = 091EE941255AF3070044EEDE /* Mutation.swift */; };
		09547DBC25487563003DA470 /* AppDelegate.swift in Sources */ = {isa = PBXBuildFile; fileRef = 09547DBB25487563003DA470 /* AppDelegate.swift */; };
		09547DC225487563003DA470 /* GameScene.swift in Sources */ = {isa = PBXBuildFile; fileRef = 09547DC125487563003DA470 /* GameScene.swift */; };
		09547DC425487563003DA470 /* GameViewController.swift in Sources */ = {isa = PBXBuildFile; fileRef = 09547DC325487563003DA470 /* GameViewController.swift */; };
		09547DC725487563003DA470 /* Main.storyboard in Resources */ = {isa = PBXBuildFile; fileRef = 09547DC525487563003DA470 /* Main.storyboard */; };
		09547DD62548828F003DA470 /* Cell.swift in Sources */ = {isa = PBXBuildFile; fileRef = 09547DD52548828F003DA470 /* Cell.swift */; };
		09919075254B173B0012B720 /* Utlis.swift in Sources */ = {isa = PBXBuildFile; fileRef = 09919074254B173B0012B720 /* Utlis.swift */; };
		0991907B254B84C40012B720 /* food.sks in Resources */ = {isa = PBXBuildFile; fileRef = 0991907A254B84C40012B720 /* food.sks */; };
		0991908A254B8A3F0012B720 /* bubbles.sks in Resources */ = {isa = PBXBuildFile; fileRef = 09919088254B8A3F0012B720 /* bubbles.sks */; };
		099190BC2550273E0012B720 /* SlideViewButton.xib in Resources */ = {isa = PBXBuildFile; fileRef = 099190BB2550273E0012B720 /* SlideViewButton.xib */; };
		099190BF2550278E0012B720 /* SlideViewButton.swift in Sources */ = {isa = PBXBuildFile; fileRef = 099190BE2550278E0012B720 /* SlideViewButton.swift */; };
		099190C2255028C30012B720 /* RoundedCornersView.swift in Sources */ = {isa = PBXBuildFile; fileRef = 099190C1255028C30012B720 /* RoundedCornersView.swift */; };
		099190C6255048660012B720 /* SummaryScene.sks in Resources */ = {isa = PBXBuildFile; fileRef = 099190C5255048660012B720 /* SummaryScene.sks */; };
		099190C925504B440012B720 /* SummaryScene.swift in Sources */ = {isa = PBXBuildFile; fileRef = 099190C825504B440012B720 /* SummaryScene.swift */; };
		099190CF255060AA0012B720 /* DetailsScene.sks in Resources */ = {isa = PBXBuildFile; fileRef = 099190CE255060AA0012B720 /* DetailsScene.sks */; };
		099190D2255064370012B720 /* DetailsScene.swift in Sources */ = {isa = PBXBuildFile; fileRef = 099190D1255064370012B720 /* DetailsScene.swift */; };
		099190D6255065850012B720 /* ProgressBar.swift in Sources */ = {isa = PBXBuildFile; fileRef = 099190D5255065850012B720 /* ProgressBar.swift */; };
		099190E6255162260012B720 /* Assets.xcassets in Resources */ = {isa = PBXBuildFile; fileRef = 099190E5255162260012B720 /* Assets.xcassets */; };
		099190EE25516C7D0012B720 /* GameLogic.swift in Sources */ = {isa = PBXBuildFile; fileRef = 099190ED25516C7D0012B720 /* GameLogic.swift */; };
		099190FE2551CA6E0012B720 /* Names.swift in Sources */ = {isa = PBXBuildFile; fileRef = 099190FD2551CA6D0012B720 /* Names.swift */; };
		0991910F2554B8AA0012B720 /* Constants.swift in Sources */ = {isa = PBXBuildFile; fileRef = 0991910E2554B8AA0012B720 /* Constants.swift */; };
/* End PBXBuildFile section */

/* Begin PBXFileReference section */
		091EE92025582BCE0044EEDE /* purpleCellReproduce.atlas */ = {isa = PBXFileReference; lastKnownFileType = folder.skatlas; path = purpleCellReproduce.atlas; sourceTree = "<group>"; };
		091EE92125582BCE0044EEDE /* greenCellReproduce.atlas */ = {isa = PBXFileReference; lastKnownFileType = folder.skatlas; path = greenCellReproduce.atlas; sourceTree = "<group>"; };
		091EE92225582BCE0044EEDE /* redCellReproduce.atlas */ = {isa = PBXFileReference; lastKnownFileType = folder.skatlas; path = redCellReproduce.atlas; sourceTree = "<group>"; };
		091EE92325582BCE0044EEDE /* blueCellReproduce.atlas */ = {isa = PBXFileReference; lastKnownFileType = folder.skatlas; path = blueCellReproduce.atlas; sourceTree = "<group>"; };
		091EE92425582BCE0044EEDE /* cyanCellReproduce.atlas */ = {isa = PBXFileReference; lastKnownFileType = folder.skatlas; path = cyanCellReproduce.atlas; sourceTree = "<group>"; };
		091EE92F255839D10044EEDE /* Perks.swift */ = {isa = PBXFileReference; lastKnownFileType = sourcecode.swift; path = Perks.swift; sourceTree = "<group>"; };
		091EE941255AF3070044EEDE /* Mutation.swift */ = {isa = PBXFileReference; lastKnownFileType = sourcecode.swift; path = Mutation.swift; sourceTree = "<group>"; };
		09547DB825487563003DA470 /* Petri.app */ = {isa = PBXFileReference; explicitFileType = wrapper.application; includeInIndex = 0; path = Petri.app; sourceTree = BUILT_PRODUCTS_DIR; };
		09547DBB25487563003DA470 /* AppDelegate.swift */ = {isa = PBXFileReference; lastKnownFileType = sourcecode.swift; path = AppDelegate.swift; sourceTree = "<group>"; };
		09547DC125487563003DA470 /* GameScene.swift */ = {isa = PBXFileReference; lastKnownFileType = sourcecode.swift; path = GameScene.swift; sourceTree = "<group>"; };
		09547DC325487563003DA470 /* GameViewController.swift */ = {isa = PBXFileReference; lastKnownFileType = sourcecode.swift; path = GameViewController.swift; sourceTree = "<group>"; };
		09547DC625487563003DA470 /* Base */ = {isa = PBXFileReference; lastKnownFileType = file.storyboard; name = Base; path = Base.lproj/Main.storyboard; sourceTree = "<group>"; };
		09547DCA25487566003DA470 /* Info.plist */ = {isa = PBXFileReference; lastKnownFileType = text.plist.xml; path = Info.plist; sourceTree = "<group>"; };
		09547DD52548828F003DA470 /* Cell.swift */ = {isa = PBXFileReference; lastKnownFileType = sourcecode.swift; path = Cell.swift; sourceTree = "<group>"; };
		09919074254B173B0012B720 /* Utlis.swift */ = {isa = PBXFileReference; lastKnownFileType = sourcecode.swift; path = Utlis.swift; sourceTree = "<group>"; };
		0991907A254B84C40012B720 /* food.sks */ = {isa = PBXFileReference; lastKnownFileType = file.sks; path = food.sks; sourceTree = "<group>"; };
		09919088254B8A3F0012B720 /* bubbles.sks */ = {isa = PBXFileReference; lastKnownFileType = file.sks; path = bubbles.sks; sourceTree = "<group>"; };
		099190BB2550273E0012B720 /* SlideViewButton.xib */ = {isa = PBXFileReference; lastKnownFileType = file.xib; path = SlideViewButton.xib; sourceTree = "<group>"; };
		099190BE2550278E0012B720 /* SlideViewButton.swift */ = {isa = PBXFileReference; lastKnownFileType = sourcecode.swift; path = SlideViewButton.swift; sourceTree = "<group>"; };
		099190C1255028C30012B720 /* RoundedCornersView.swift */ = {isa = PBXFileReference; lastKnownFileType = sourcecode.swift; path = RoundedCornersView.swift; sourceTree = "<group>"; };
		099190C5255048660012B720 /* SummaryScene.sks */ = {isa = PBXFileReference; lastKnownFileType = file.sks; path = SummaryScene.sks; sourceTree = "<group>"; };
		099190C825504B440012B720 /* SummaryScene.swift */ = {isa = PBXFileReference; lastKnownFileType = sourcecode.swift; path = SummaryScene.swift; sourceTree = "<group>"; };
		099190CE255060AA0012B720 /* DetailsScene.sks */ = {isa = PBXFileReference; lastKnownFileType = file.sks; path = DetailsScene.sks; sourceTree = "<group>"; };
		099190D1255064370012B720 /* DetailsScene.swift */ = {isa = PBXFileReference; lastKnownFileType = sourcecode.swift; path = DetailsScene.swift; sourceTree = "<group>"; };
		099190D5255065850012B720 /* ProgressBar.swift */ = {isa = PBXFileReference; lastKnownFileType = sourcecode.swift; path = ProgressBar.swift; sourceTree = "<group>"; };
		099190E5255162260012B720 /* Assets.xcassets */ = {isa = PBXFileReference; lastKnownFileType = folder.assetcatalog; path = Assets.xcassets; sourceTree = "<group>"; };
		099190ED25516C7D0012B720 /* GameLogic.swift */ = {isa = PBXFileReference; lastKnownFileType = sourcecode.swift; path = GameLogic.swift; sourceTree = "<group>"; };
		099190FD2551CA6D0012B720 /* Names.swift */ = {isa = PBXFileReference; lastKnownFileType = sourcecode.swift; path = Names.swift; sourceTree = "<group>"; };
		0991910E2554B8AA0012B720 /* Constants.swift */ = {isa = PBXFileReference; lastKnownFileType = sourcecode.swift; path = Constants.swift; sourceTree = "<group>"; };
/* End PBXFileReference section */

/* Begin PBXFrameworksBuildPhase section */
		09547DB525487563003DA470 /* Frameworks */ = {
			isa = PBXFrameworksBuildPhase;
			buildActionMask = 2147483647;
			files = (
			);
			runOnlyForDeploymentPostprocessing = 0;
		};
/* End PBXFrameworksBuildPhase section */

/* Begin PBXGroup section */
		091EE91B25582B6F0044EEDE /* Animations */ = {
			isa = PBXGroup;
			children = (
			);
			path = Animations;
			sourceTree = "<group>";
		};
		09547DAF25487563003DA470 = {
			isa = PBXGroup;
			children = (
				09547DBA25487563003DA470 /* Petri */,
				09547DB925487563003DA470 /* Products */,
			);
			sourceTree = "<group>";
		};
		09547DB925487563003DA470 /* Products */ = {
			isa = PBXGroup;
			children = (
				09547DB825487563003DA470 /* Petri.app */,
			);
			name = Products;
			sourceTree = "<group>";
		};
		09547DBA25487563003DA470 /* Petri */ = {
			isa = PBXGroup;
			children = (
				091EE91B25582B6F0044EEDE /* Animations */,
				091EE92325582BCE0044EEDE /* blueCellReproduce.atlas */,
				091EE92425582BCE0044EEDE /* cyanCellReproduce.atlas */,
				091EE92125582BCE0044EEDE /* greenCellReproduce.atlas */,
				091EE92025582BCE0044EEDE /* purpleCellReproduce.atlas */,
				091EE92225582BCE0044EEDE /* redCellReproduce.atlas */,
				099190E5255162260012B720 /* Assets.xcassets */,
				099190BA2550271F0012B720 /* Controls */,
				099190AC254F8F0C0012B720 /* SideScenes */,
				09919094254C10ED0012B720 /* Particles */,
				09919073254B172D0012B720 /* Utils */,
				09547DD42548826F003DA470 /* Models */,
				09547DBB25487563003DA470 /* AppDelegate.swift */,
				09547DC125487563003DA470 /* GameScene.swift */,
				09547DC325487563003DA470 /* GameViewController.swift */,
				09547DC525487563003DA470 /* Main.storyboard */,
				09547DCA25487566003DA470 /* Info.plist */,
				099190ED25516C7D0012B720 /* GameLogic.swift */,
				0991910E2554B8AA0012B720 /* Constants.swift */,
				091EE92F255839D10044EEDE /* Perks.swift */,
				091EE941255AF3070044EEDE /* Mutation.swift */,
			);
			path = Petri;
			sourceTree = "<group>";
		};
		09547DD42548826F003DA470 /* Models */ = {
			isa = PBXGroup;
			children = (
				09547DD52548828F003DA470 /* Cell.swift */,
			);
			path = Models;
			sourceTree = "<group>";
		};
		09919073254B172D0012B720 /* Utils */ = {
			isa = PBXGroup;
			children = (
				09919074254B173B0012B720 /* Utlis.swift */,
				099190C1255028C30012B720 /* RoundedCornersView.swift */,
				099190FD2551CA6D0012B720 /* Names.swift */,
			);
			path = Utils;
			sourceTree = "<group>";
		};
		09919094254C10ED0012B720 /* Particles */ = {
			isa = PBXGroup;
			children = (
				09919088254B8A3F0012B720 /* bubbles.sks */,
				0991907A254B84C40012B720 /* food.sks */,
			);
			path = Particles;
			sourceTree = "<group>";
		};
		099190AC254F8F0C0012B720 /* SideScenes */ = {
			isa = PBXGroup;
			children = (
				099190C5255048660012B720 /* SummaryScene.sks */,
				099190C825504B440012B720 /* SummaryScene.swift */,
				099190CE255060AA0012B720 /* DetailsScene.sks */,
				099190D1255064370012B720 /* DetailsScene.swift */,
			);
			path = SideScenes;
			sourceTree = "<group>";
		};
		099190BA2550271F0012B720 /* Controls */ = {
			isa = PBXGroup;
			children = (
				099190BB2550273E0012B720 /* SlideViewButton.xib */,
				099190BE2550278E0012B720 /* SlideViewButton.swift */,
				099190D5255065850012B720 /* ProgressBar.swift */,
			);
			path = Controls;
			sourceTree = "<group>";
		};
/* End PBXGroup section */

/* Begin PBXNativeTarget section */
		09547DB725487563003DA470 /* Petri */ = {
			isa = PBXNativeTarget;
			buildConfigurationList = 09547DCD25487566003DA470 /* Build configuration list for PBXNativeTarget "Petri" */;
			buildPhases = (
				09547DB425487563003DA470 /* Sources */,
				09547DB525487563003DA470 /* Frameworks */,
				09547DB625487563003DA470 /* Resources */,
			);
			buildRules = (
			);
			dependencies = (
			);
			name = Petri;
			productName = Petri;
			productReference = 09547DB825487563003DA470 /* Petri.app */;
			productType = "com.apple.product-type.application";
		};
/* End PBXNativeTarget section */

/* Begin PBXProject section */
		09547DB025487563003DA470 /* Project object */ = {
			isa = PBXProject;
			attributes = {
				LastSwiftUpdateCheck = 1210;
				LastUpgradeCheck = 1210;
				TargetAttributes = {
					09547DB725487563003DA470 = {
						CreatedOnToolsVersion = 12.1;
					};
				};
			};
			buildConfigurationList = 09547DB325487563003DA470 /* Build configuration list for PBXProject "Petri" */;
			compatibilityVersion = "Xcode 9.3";
			developmentRegion = en;
			hasScannedForEncodings = 0;
			knownRegions = (
				en,
				Base,
			);
			mainGroup = 09547DAF25487563003DA470;
			productRefGroup = 09547DB925487563003DA470 /* Products */;
			projectDirPath = "";
			projectRoot = "";
			targets = (
				09547DB725487563003DA470 /* Petri */,
			);
		};
/* End PBXProject section */

/* Begin PBXResourcesBuildPhase section */
		09547DB625487563003DA470 /* Resources */ = {
			isa = PBXResourcesBuildPhase;
			buildActionMask = 2147483647;
			files = (
				091EE92725582BCE0044EEDE /* redCellReproduce.atlas in Resources */,
				091EE92525582BCE0044EEDE /* purpleCellReproduce.atlas in Resources */,
				09547DC725487563003DA470 /* Main.storyboard in Resources */,
				099190BC2550273E0012B720 /* SlideViewButton.xib in Resources */,
				0991908A254B8A3F0012B720 /* bubbles.sks in Resources */,
				0991907B254B84C40012B720 /* food.sks in Resources */,
				099190E6255162260012B720 /* Assets.xcassets in Resources */,
				099190CF255060AA0012B720 /* DetailsScene.sks in Resources */,
				091EE92825582BCE0044EEDE /* blueCellReproduce.atlas in Resources */,
				091EE92625582BCE0044EEDE /* greenCellReproduce.atlas in Resources */,
				099190C6255048660012B720 /* SummaryScene.sks in Resources */,
				091EE92925582BCE0044EEDE /* cyanCellReproduce.atlas in Resources */,
			);
			runOnlyForDeploymentPostprocessing = 0;
		};
/* End PBXResourcesBuildPhase section */

/* Begin PBXSourcesBuildPhase section */
		09547DB425487563003DA470 /* Sources */ = {
			isa = PBXSourcesBuildPhase;
			buildActionMask = 2147483647;
			files = (
				099190BF2550278E0012B720 /* SlideViewButton.swift in Sources */,
				099190EE25516C7D0012B720 /* GameLogic.swift in Sources */,
				099190D2255064370012B720 /* DetailsScene.swift in Sources */,
				099190C925504B440012B720 /* SummaryScene.swift in Sources */,
				091EE942255AF3070044EEDE /* Mutation.swift in Sources */,
				09547DC225487563003DA470 /* GameScene.swift in Sources */,
				09919075254B173B0012B720 /* Utlis.swift in Sources */,
				099190FE2551CA6E0012B720 /* Names.swift in Sources */,
				091EE930255839D10044EEDE /* Perks.swift in Sources */,
				0991910F2554B8AA0012B720 /* Constants.swift in Sources */,
				09547DD62548828F003DA470 /* Cell.swift in Sources */,
				099190C2255028C30012B720 /* RoundedCornersView.swift in Sources */,
				09547DC425487563003DA470 /* GameViewController.swift in Sources */,
				099190D6255065850012B720 /* ProgressBar.swift in Sources */,
				09547DBC25487563003DA470 /* AppDelegate.swift in Sources */,
			);
			runOnlyForDeploymentPostprocessing = 0;
		};
/* End PBXSourcesBuildPhase section */

/* Begin PBXVariantGroup section */
		09547DC525487563003DA470 /* Main.storyboard */ = {
			isa = PBXVariantGroup;
			children = (
				09547DC625487563003DA470 /* Base */,
			);
			name = Main.storyboard;
			sourceTree = "<group>";
		};
/* End PBXVariantGroup section */

/* Begin XCBuildConfiguration section */
		09547DCB25487566003DA470 /* Debug */ = {
			isa = XCBuildConfiguration;
			buildSettings = {
				ALWAYS_SEARCH_USER_PATHS = NO;
				CLANG_ANALYZER_NONNULL = YES;
				CLANG_ANALYZER_NUMBER_OBJECT_CONVERSION = YES_AGGRESSIVE;
				CLANG_CXX_LANGUAGE_STANDARD = "gnu++14";
				CLANG_CXX_LIBRARY = "libc++";
				CLANG_ENABLE_MODULES = YES;
				CLANG_ENABLE_OBJC_ARC = YES;
				CLANG_ENABLE_OBJC_WEAK = YES;
				CLANG_WARN_BLOCK_CAPTURE_AUTORELEASING = YES;
				CLANG_WARN_BOOL_CONVERSION = YES;
				CLANG_WARN_COMMA = YES;
				CLANG_WARN_CONSTANT_CONVERSION = YES;
				CLANG_WARN_DEPRECATED_OBJC_IMPLEMENTATIONS = YES;
				CLANG_WARN_DIRECT_OBJC_ISA_USAGE = YES_ERROR;
				CLANG_WARN_DOCUMENTATION_COMMENTS = YES;
				CLANG_WARN_EMPTY_BODY = YES;
				CLANG_WARN_ENUM_CONVERSION = YES;
				CLANG_WARN_INFINITE_RECURSION = YES;
				CLANG_WARN_INT_CONVERSION = YES;
				CLANG_WARN_NON_LITERAL_NULL_CONVERSION = YES;
				CLANG_WARN_OBJC_IMPLICIT_RETAIN_SELF = YES;
				CLANG_WARN_OBJC_LITERAL_CONVERSION = YES;
				CLANG_WARN_OBJC_ROOT_CLASS = YES_ERROR;
				CLANG_WARN_QUOTED_INCLUDE_IN_FRAMEWORK_HEADER = YES;
				CLANG_WARN_RANGE_LOOP_ANALYSIS = YES;
				CLANG_WARN_STRICT_PROTOTYPES = YES;
				CLANG_WARN_SUSPICIOUS_MOVE = YES;
				CLANG_WARN_UNGUARDED_AVAILABILITY = YES_AGGRESSIVE;
				CLANG_WARN_UNREACHABLE_CODE = YES;
				CLANG_WARN__DUPLICATE_METHOD_MATCH = YES;
				COPY_PHASE_STRIP = NO;
				DEBUG_INFORMATION_FORMAT = dwarf;
				ENABLE_STRICT_OBJC_MSGSEND = YES;
				ENABLE_TESTABILITY = YES;
				GCC_C_LANGUAGE_STANDARD = gnu11;
				GCC_DYNAMIC_NO_PIC = NO;
				GCC_NO_COMMON_BLOCKS = YES;
				GCC_OPTIMIZATION_LEVEL = 0;
				GCC_PREPROCESSOR_DEFINITIONS = (
					"DEBUG=1",
					"$(inherited)",
				);
				GCC_WARN_64_TO_32_BIT_CONVERSION = YES;
				GCC_WARN_ABOUT_RETURN_TYPE = YES_ERROR;
				GCC_WARN_UNDECLARED_SELECTOR = YES;
				GCC_WARN_UNINITIALIZED_AUTOS = YES_AGGRESSIVE;
				GCC_WARN_UNUSED_FUNCTION = YES;
				GCC_WARN_UNUSED_VARIABLE = YES;
				IPHONEOS_DEPLOYMENT_TARGET = 14.1;
				MTL_ENABLE_DEBUG_INFO = INCLUDE_SOURCE;
				MTL_FAST_MATH = YES;
				ONLY_ACTIVE_ARCH = YES;
				SDKROOT = iphoneos;
				SWIFT_ACTIVE_COMPILATION_CONDITIONS = DEBUG;
				SWIFT_OPTIMIZATION_LEVEL = "-Onone";
			};
			name = Debug;
		};
		09547DCC25487566003DA470 /* Release */ = {
			isa = XCBuildConfiguration;
			buildSettings = {
				ALWAYS_SEARCH_USER_PATHS = NO;
				CLANG_ANALYZER_NONNULL = YES;
				CLANG_ANALYZER_NUMBER_OBJECT_CONVERSION = YES_AGGRESSIVE;
				CLANG_CXX_LANGUAGE_STANDARD = "gnu++14";
				CLANG_CXX_LIBRARY = "libc++";
				CLANG_ENABLE_MODULES = YES;
				CLANG_ENABLE_OBJC_ARC = YES;
				CLANG_ENABLE_OBJC_WEAK = YES;
				CLANG_WARN_BLOCK_CAPTURE_AUTORELEASING = YES;
				CLANG_WARN_BOOL_CONVERSION = YES;
				CLANG_WARN_COMMA = YES;
				CLANG_WARN_CONSTANT_CONVERSION = YES;
				CLANG_WARN_DEPRECATED_OBJC_IMPLEMENTATIONS = YES;
				CLANG_WARN_DIRECT_OBJC_ISA_USAGE = YES_ERROR;
				CLANG_WARN_DOCUMENTATION_COMMENTS = YES;
				CLANG_WARN_EMPTY_BODY = YES;
				CLANG_WARN_ENUM_CONVERSION = YES;
				CLANG_WARN_INFINITE_RECURSION = YES;
				CLANG_WARN_INT_CONVERSION = YES;
				CLANG_WARN_NON_LITERAL_NULL_CONVERSION = YES;
				CLANG_WARN_OBJC_IMPLICIT_RETAIN_SELF = YES;
				CLANG_WARN_OBJC_LITERAL_CONVERSION = YES;
				CLANG_WARN_OBJC_ROOT_CLASS = YES_ERROR;
				CLANG_WARN_QUOTED_INCLUDE_IN_FRAMEWORK_HEADER = YES;
				CLANG_WARN_RANGE_LOOP_ANALYSIS = YES;
				CLANG_WARN_STRICT_PROTOTYPES = YES;
				CLANG_WARN_SUSPICIOUS_MOVE = YES;
				CLANG_WARN_UNGUARDED_AVAILABILITY = YES_AGGRESSIVE;
				CLANG_WARN_UNREACHABLE_CODE = YES;
				CLANG_WARN__DUPLICATE_METHOD_MATCH = YES;
				COPY_PHASE_STRIP = NO;
				DEBUG_INFORMATION_FORMAT = "dwarf-with-dsym";
				ENABLE_NS_ASSERTIONS = NO;
				ENABLE_STRICT_OBJC_MSGSEND = YES;
				GCC_C_LANGUAGE_STANDARD = gnu11;
				GCC_NO_COMMON_BLOCKS = YES;
				GCC_WARN_64_TO_32_BIT_CONVERSION = YES;
				GCC_WARN_ABOUT_RETURN_TYPE = YES_ERROR;
				GCC_WARN_UNDECLARED_SELECTOR = YES;
				GCC_WARN_UNINITIALIZED_AUTOS = YES_AGGRESSIVE;
				GCC_WARN_UNUSED_FUNCTION = YES;
				GCC_WARN_UNUSED_VARIABLE = YES;
				IPHONEOS_DEPLOYMENT_TARGET = 14.1;
				MTL_ENABLE_DEBUG_INFO = NO;
				MTL_FAST_MATH = YES;
				SDKROOT = iphoneos;
				SWIFT_COMPILATION_MODE = wholemodule;
				SWIFT_OPTIMIZATION_LEVEL = "-O";
				VALIDATE_PRODUCT = YES;
			};
			name = Release;
		};
		09547DCE25487566003DA470 /* Debug */ = {
			isa = XCBuildConfiguration;
			buildSettings = {
				ASSETCATALOG_COMPILER_APPICON_NAME = AppIcon;
				ASSETCATALOG_COMPILER_GLOBAL_ACCENT_COLOR_NAME = AccentColor;
				CODE_SIGN_STYLE = Automatic;
				DEVELOPMENT_TEAM = Q9QCT4ZGZ6;
				INFOPLIST_FILE = Petri/Info.plist;
				LD_RUNPATH_SEARCH_PATHS = (
					"$(inherited)",
					"@executable_path/Frameworks",
				);
				PRODUCT_BUNDLE_IDENTIFIER = Karolczyk.Petri;
				PRODUCT_NAME = "$(TARGET_NAME)";
				SWIFT_VERSION = 5.0;
				TARGETED_DEVICE_FAMILY = 1;
			};
			name = Debug;
		};
		09547DCF25487566003DA470 /* Release */ = {
			isa = XCBuildConfiguration;
			buildSettings = {
				ASSETCATALOG_COMPILER_APPICON_NAME = AppIcon;
				ASSETCATALOG_COMPILER_GLOBAL_ACCENT_COLOR_NAME = AccentColor;
				CODE_SIGN_STYLE = Automatic;
				DEVELOPMENT_TEAM = Q9QCT4ZGZ6;
				INFOPLIST_FILE = Petri/Info.plist;
				LD_RUNPATH_SEARCH_PATHS = (
					"$(inherited)",
					"@executable_path/Frameworks",
				);
				PRODUCT_BUNDLE_IDENTIFIER = Karolczyk.Petri;
				PRODUCT_NAME = "$(TARGET_NAME)";
				SWIFT_VERSION = 5.0;
				TARGETED_DEVICE_FAMILY = 1;
			};
			name = Release;
		};
/* End XCBuildConfiguration section */

/* Begin XCConfigurationList section */
		09547DB325487563003DA470 /* Build configuration list for PBXProject "Petri" */ = {
			isa = XCConfigurationList;
			buildConfigurations = (
				09547DCB25487566003DA470 /* Debug */,
				09547DCC25487566003DA470 /* Release */,
			);
			defaultConfigurationIsVisible = 0;
			defaultConfigurationName = Release;
		};
		09547DCD25487566003DA470 /* Build configuration list for PBXNativeTarget "Petri" */ = {
			isa = XCConfigurationList;
			buildConfigurations = (
				09547DCE25487566003DA470 /* Debug */,
				09547DCF25487566003DA470 /* Release */,
			);
			defaultConfigurationIsVisible = 0;
			defaultConfigurationName = Release;
		};
/* End XCConfigurationList section */
	};
	rootObject = 09547DB025487563003DA470 /* Project object */;
}
